
Microsoft Visual Studio Solution File, Format Version 12.00
# Visual Studio Version 17
VisualStudioVersion = 17.7.34031.279
MinimumVisualStudioVersion = 10.0.40219.1
Project("{FAE04EC0-301F-11D3-BF4B-00C04F79EFBC}") = "Aula", "Aula\Aula.csproj", "{CCEDCB13-912D-4E5B-BA6B-F5904C2BD2B1}"
EndProject
Global
	GlobalSection(SolutionConfigurationPlatforms) = preSolution
		Debug|Any CPU = Debug|Any CPU
		Release|Any CPU = Release|Any CPU
	EndGlobalSection
	GlobalSection(ProjectConfigurationPlatforms) = postSolution
		{CCEDCB13-912D-4E5B-BA6B-F5904C2BD2B1}.Debug|Any CPU.ActiveCfg = Debug|Any CPU
		{CCEDCB13-912D-4E5B-BA6B-F5904C2BD2B1}.Debug|Any CPU.Build.0 = Debug|Any CPU
		{CCEDCB13-912D-4E5B-BA6B-F5904C2BD2B1}.Release|Any CPU.ActiveCfg = Release|Any CPU
		{CCEDCB13-912D-4E5B-BA6B-F5904C2BD2B1}.Release|Any CPU.Build.0 = Release|Any CPU
	EndGlobalSection
	GlobalSection(SolutionProperties) = preSolution
		HideSolutionNode = FALSE
	EndGlobalSection
	GlobalSection(ExtensibilityGlobals) = postSolution
		SolutionGuid = {C1109732-C65A-427E-919F-948F3980216E}
	EndGlobalSection
EndGlobal
